// !$*UTF8*$!
{
	archiveVersion = 1;
	classes = {
	};
	objectVersion = 50;
	objects = {

/* Begin PBXBuildFile section */
		3F717D3727F9593C00B27480 /* SliderApp.swift in Sources */ = {isa = PBXBuildFile; fileRef = 3F717D3627F9593C00B27480 /* SliderApp.swift */; };
		3F717D3927F9593C00B27480 /* HomeView.swift in Sources */ = {isa = PBXBuildFile; fileRef = 3F717D3827F9593C00B27480 /* HomeView.swift */; };
		3F717D3B27F9594600B27480 /* Assets.xcassets in Resources */ = {isa = PBXBuildFile; fileRef = 3F717D3A27F9594600B27480 /* Assets.xcassets */; };
		3F717D3E27F9594600B27480 /* Preview Assets.xcassets in Resources */ = {isa = PBXBuildFile; fileRef = 3F717D3D27F9594600B27480 /* Preview Assets.xcassets */; };
		3FEAF20827FA3AEF00C687AE /* MainButtonStyle.swift in Sources */ = {isa = PBXBuildFile; fileRef = 3FEAF20727FA3AEF00C687AE /* MainButtonStyle.swift */; };
		3FEDF03A27F9F72100B05429 /* NextButton.swift in Sources */ = {isa = PBXBuildFile; fileRef = 3FEDF03927F9F72100B05429 /* NextButton.swift */; };
		3FEDF03E27F9F7AD00B05429 /* IncrementButton.swift in Sources */ = {isa = PBXBuildFile; fileRef = 3FEDF03D27F9F7AD00B05429 /* IncrementButton.swift */; };
		3FEDF04327F9F7C600B05429 /* IncrementButtonIcon.swift in Sources */ = {isa = PBXBuildFile; fileRef = 3FEDF04227F9F7C600B05429 /* IncrementButtonIcon.swift */; };
/* End PBXBuildFile section */

/* Begin PBXFileReference section */
		3F717D3327F9593C00B27480 /* Slider.app */ = {isa = PBXFileReference; explicitFileType = wrapper.application; includeInIndex = 0; path = Slider.app; sourceTree = BUILT_PRODUCTS_DIR; };
		3F717D3627F9593C00B27480 /* SliderApp.swift */ = {isa = PBXFileReference; lastKnownFileType = sourcecode.swift; path = SliderApp.swift; sourceTree = "<group>"; };
		3F717D3827F9593C00B27480 /* HomeView.swift */ = {isa = PBXFileReference; lastKnownFileType = sourcecode.swift; path = HomeView.swift; sourceTree = "<group>"; };
		3F717D3A27F9594600B27480 /* Assets.xcassets */ = {isa = PBXFileReference; lastKnownFileType = folder.assetcatalog; path = Assets.xcassets; sourceTree = "<group>"; };
		3F717D3D27F9594600B27480 /* Preview Assets.xcassets */ = {isa = PBXFileReference; lastKnownFileType = folder.assetcatalog; path = "Preview Assets.xcassets"; sourceTree = "<group>"; };
		3F717D3F27F9594600B27480 /* Info.plist */ = {isa = PBXFileReference; lastKnownFileType = text.plist.xml; path = Info.plist; sourceTree = "<group>"; };
		3FEAF20727FA3AEF00C687AE /* MainButtonStyle.swift */ = {isa = PBXFileReference; lastKnownFileType = sourcecode.swift; path = MainButtonStyle.swift; sourceTree = "<group>"; };
		3FEDF03927F9F72100B05429 /* NextButton.swift */ = {isa = PBXFileReference; lastKnownFileType = sourcecode.swift; path = NextButton.swift; sourceTree = "<group>"; };
		3FEDF03D27F9F7AD00B05429 /* IncrementButton.swift */ = {isa = PBXFileReference; lastKnownFileType = sourcecode.swift; path = IncrementButton.swift; sourceTree = "<group>"; };
		3FEDF04227F9F7C600B05429 /* IncrementButtonIcon.swift */ = {isa = PBXFileReference; lastKnownFileType = sourcecode.swift; path = IncrementButtonIcon.swift; sourceTree = "<group>"; };
/* End PBXFileReference section */

/* Begin PBXFrameworksBuildPhase section */
		3F717D3027F9593B00B27480 /* Frameworks */ = {
			isa = PBXFrameworksBuildPhase;
			buildActionMask = 2147483647;
			files = (
			);
			runOnlyForDeploymentPostprocessing = 0;
		};
/* End PBXFrameworksBuildPhase section */

/* Begin PBXGroup section */
		3F717D2A27F9593B00B27480 = {
			isa = PBXGroup;
			children = (
				3F717D3527F9593C00B27480 /* Slider */,
				3F717D3427F9593C00B27480 /* Products */,
			);
			sourceTree = "<group>";
		};
		3F717D3427F9593C00B27480 /* Products */ = {
			isa = PBXGroup;
			children = (
				3F717D3327F9593C00B27480 /* Slider.app */,
			);
			name = Products;
			sourceTree = "<group>";
		};
		3F717D3527F9593C00B27480 /* Slider */ = {
			isa = PBXGroup;
			children = (
				3F717D3627F9593C00B27480 /* SliderApp.swift */,
				3FEDF03827F9F70600B05429 /* View */,
				3FEDF03727F9F6F800B05429 /* Buttons */,
				3F717D3A27F9594600B27480 /* Assets.xcassets */,
				3F717D3F27F9594600B27480 /* Info.plist */,
				3F717D3C27F9594600B27480 /* Preview Content */,
			);
			path = Slider;
			sourceTree = "<group>";
		};
		3F717D3C27F9594600B27480 /* Preview Content */ = {
			isa = PBXGroup;
			children = (
				3F717D3D27F9594600B27480 /* Preview Assets.xcassets */,
			);
			path = "Preview Content";
			sourceTree = "<group>";
		};
		3FEDF03727F9F6F800B05429 /* Buttons */ = {
			isa = PBXGroup;
			children = (
				3FEDF04627F9F9A200B05429 /* Styles */,
				3FEDF04027F9F7B800B05429 /* Icons */,
				3FEDF03927F9F72100B05429 /* NextButton.swift */,
				3FEDF03D27F9F7AD00B05429 /* IncrementButton.swift */,
			);
			path = Buttons;
			sourceTree = "<group>";
		};
		3FEDF03827F9F70600B05429 /* View */ = {
			isa = PBXGroup;
			children = (
				3F717D3827F9593C00B27480 /* HomeView.swift */,
			);
			path = View;
			sourceTree = "<group>";
		};
		3FEDF04027F9F7B800B05429 /* Icons */ = {
			isa = PBXGroup;
			children = (
				3FEDF04227F9F7C600B05429 /* IncrementButtonIcon.swift */,
			);
			path = Icons;
			sourceTree = "<group>";
		};
		3FEDF04627F9F9A200B05429 /* Styles */ = {
			isa = PBXGroup;
			children = (
				3FEAF20727FA3AEF00C687AE /* MainButtonStyle.swift */,
			);
			path = Styles;
			sourceTree = "<group>";
		};
/* End PBXGroup section */

/* Begin PBXNativeTarget section */
		3F717D3227F9593B00B27480 /* Slider */ = {
			isa = PBXNativeTarget;
			buildConfigurationList = 3F717D4227F9594600B27480 /* Build configuration list for PBXNativeTarget "Slider" */;
			buildPhases = (
				3F717D2F27F9593B00B27480 /* Sources */,
				3F717D3027F9593B00B27480 /* Frameworks */,
				3F717D3127F9593B00B27480 /* Resources */,
			);
			buildRules = (
			);
			dependencies = (
			);
			name = Slider;
			productName = Slider;
			productReference = 3F717D3327F9593C00B27480 /* Slider.app */;
			productType = "com.apple.product-type.application";
		};
/* End PBXNativeTarget section */

/* Begin PBXProject section */
		3F717D2B27F9593B00B27480 /* Project object */ = {
			isa = PBXProject;
			attributes = {
				LastSwiftUpdateCheck = 1200;
				LastUpgradeCheck = 1200;
				TargetAttributes = {
					3F717D3227F9593B00B27480 = {
						CreatedOnToolsVersion = 12.0.1;
					};
				};
			};
			buildConfigurationList = 3F717D2E27F9593B00B27480 /* Build configuration list for PBXProject "Slider" */;
			compatibilityVersion = "Xcode 9.3";
			developmentRegion = en;
			hasScannedForEncodings = 0;
			knownRegions = (
				en,
				Base,
			);
			mainGroup = 3F717D2A27F9593B00B27480;
			productRefGroup = 3F717D3427F9593C00B27480 /* Products */;
			projectDirPath = "";
			projectRoot = "";
			targets = (
				3F717D3227F9593B00B27480 /* Slider */,
			);
		};
/* End PBXProject section */

/* Begin PBXResourcesBuildPhase section */
		3F717D3127F9593B00B27480 /* Resources */ = {
			isa = PBXResourcesBuildPhase;
			buildActionMask = 2147483647;
			files = (
				3F717D3E27F9594600B27480 /* Preview Assets.xcassets in Resources */,
				3F717D3B27F9594600B27480 /* Assets.xcassets in Resources */,
			);
			runOnlyForDeploymentPostprocessing = 0;
		};
/* End PBXResourcesBuildPhase section */

/* Begin PBXSourcesBuildPhase section */
		3F717D2F27F9593B00B27480 /* Sources */ = {
			isa = PBXSourcesBuildPhase;
			buildActionMask = 2147483647;
			files = (
				3FEDF03A27F9F72100B05429 /* NextButton.swift in Sources */,
				3FEDF03E27F9F7AD00B05429 /* IncrementButton.swift in Sources */,
				3FEAF20827FA3AEF00C687AE /* MainButtonStyle.swift in Sources */,
				3FEDF04327F9F7C600B05429 /* IncrementButtonIcon.swift in Sources */,
				3F717D3927F9593C00B27480 /* HomeView.swift in Sources */,
				3F717D3727F9593C00B27480 /* SliderApp.swift in Sources */,
			);
			runOnlyForDeploymentPostprocessing = 0;
		};
/* End PBXSourcesBuildPhase section */

/* Begin XCBuildConfiguration section */
		3F717D4027F9594600B27480 /* Debug */ = {
			isa = XCBuildConfiguration;
			buildSettings = {
				ALWAYS_SEARCH_USER_PATHS = NO;
				CLANG_ANALYZER_NONNULL = YES;
				CLANG_ANALYZER_NUMBER_OBJECT_CONVERSION = YES_AGGRESSIVE;
				CLANG_CXX_LANGUAGE_STANDARD = "gnu++14";
				CLANG_CXX_LIBRARY = "libc++";
				CLANG_ENABLE_MODULES = YES;
				CLANG_ENABLE_OBJC_ARC = YES;
				CLANG_ENABLE_OBJC_WEAK = YES;
				CLANG_WARN_BLOCK_CAPTURE_AUTORELEASING = YES;
				CLANG_WARN_BOOL_CONVERSION = YES;
				CLANG_WARN_COMMA = YES;
				CLANG_WARN_CONSTANT_CONVERSION = YES;
				CLANG_WARN_DEPRECATED_OBJC_IMPLEMENTATIONS = YES;
				CLANG_WARN_DIRECT_OBJC_ISA_USAGE = YES_ERROR;
				CLANG_WARN_DOCUMENTATION_COMMENTS = YES;
				CLANG_WARN_EMPTY_BODY = YES;
				CLANG_WARN_ENUM_CONVERSION = YES;
				CLANG_WARN_INFINITE_RECURSION = YES;
				CLANG_WARN_INT_CONVERSION = YES;
				CLANG_WARN_NON_LITERAL_NULL_CONVERSION = YES;
				CLANG_WARN_OBJC_IMPLICIT_RETAIN_SELF = YES;
				CLANG_WARN_OBJC_LITERAL_CONVERSION = YES;
				CLANG_WARN_OBJC_ROOT_CLASS = YES_ERROR;
				CLANG_WARN_QUOTED_INCLUDE_IN_FRAMEWORK_HEADER = YES;
				CLANG_WARN_RANGE_LOOP_ANALYSIS = YES;
				CLANG_WARN_STRICT_PROTOTYPES = YES;
				CLANG_WARN_SUSPICIOUS_MOVE = YES;
				CLANG_WARN_UNGUARDED_AVAILABILITY = YES_AGGRESSIVE;
				CLANG_WARN_UNREACHABLE_CODE = YES;
				CLANG_WARN__DUPLICATE_METHOD_MATCH = YES;
				COPY_PHASE_STRIP = NO;
				DEBUG_INFORMATION_FORMAT = dwarf;
				ENABLE_STRICT_OBJC_MSGSEND = YES;
				ENABLE_TESTABILITY = YES;
				GCC_C_LANGUAGE_STANDARD = gnu11;
				GCC_DYNAMIC_NO_PIC = NO;
				GCC_NO_COMMON_BLOCKS = YES;
				GCC_OPTIMIZATION_LEVEL = 0;
				GCC_PREPROCESSOR_DEFINITIONS = (
					"DEBUG=1",
					"$(inherited)",
				);
				GCC_WARN_64_TO_32_BIT_CONVERSION = YES;
				GCC_WARN_ABOUT_RETURN_TYPE = YES_ERROR;
				GCC_WARN_UNDECLARED_SELECTOR = YES;
				GCC_WARN_UNINITIALIZED_AUTOS = YES_AGGRESSIVE;
				GCC_WARN_UNUSED_FUNCTION = YES;
				GCC_WARN_UNUSED_VARIABLE = YES;
				IPHONEOS_DEPLOYMENT_TARGET = 14.0;
				MTL_ENABLE_DEBUG_INFO = INCLUDE_SOURCE;
				MTL_FAST_MATH = YES;
				ONLY_ACTIVE_ARCH = YES;
				SDKROOT = iphoneos;
				SWIFT_ACTIVE_COMPILATION_CONDITIONS = DEBUG;
				SWIFT_OPTIMIZATION_LEVEL = "-Onone";
			};
			name = Debug;
		};
		3F717D4127F9594600B27480 /* Release */ = {
			isa = XCBuildConfiguration;
			buildSettings = {
				ALWAYS_SEARCH_USER_PATHS = NO;
				CLANG_ANALYZER_NONNULL = YES;
				CLANG_ANALYZER_NUMBER_OBJECT_CONVERSION = YES_AGGRESSIVE;
				CLANG_CXX_LANGUAGE_STANDARD = "gnu++14";
				CLANG_CXX_LIBRARY = "libc++";
				CLANG_ENABLE_MODULES = YES;
				CLANG_ENABLE_OBJC_ARC = YES;
				CLANG_ENABLE_OBJC_WEAK = YES;
				CLANG_WARN_BLOCK_CAPTURE_AUTORELEASING = YES;
				CLANG_WARN_BOOL_CONVERSION = YES;
				CLANG_WARN_COMMA = YES;
				CLANG_WARN_CONSTANT_CONVERSION = YES;
				CLANG_WARN_DEPRECATED_OBJC_IMPLEMENTATIONS = YES;
				CLANG_WARN_DIRECT_OBJC_ISA_USAGE = YES_ERROR;
				CLANG_WARN_DOCUMENTATION_COMMENTS = YES;
				CLANG_WARN_EMPTY_BODY = YES;
				CLANG_WARN_ENUM_CONVERSION = YES;
				CLANG_WARN_INFINITE_RECURSION = YES;
				CLANG_WARN_INT_CONVERSION = YES;
				CLANG_WARN_NON_LITERAL_NULL_CONVERSION = YES;
				CLANG_WARN_OBJC_IMPLICIT_RETAIN_SELF = YES;
				CLANG_WARN_OBJC_LITERAL_CONVERSION = YES;
				CLANG_WARN_OBJC_ROOT_CLASS = YES_ERROR;
				CLANG_WARN_QUOTED_INCLUDE_IN_FRAMEWORK_HEADER = YES;
				CLANG_WARN_RANGE_LOOP_ANALYSIS = YES;
				CLANG_WARN_STRICT_PROTOTYPES = YES;
				CLANG_WARN_SUSPICIOUS_MOVE = YES;
				CLANG_WARN_UNGUARDED_AVAILABILITY = YES_AGGRESSIVE;
				CLANG_WARN_UNREACHABLE_CODE = YES;
				CLANG_WARN__DUPLICATE_METHOD_MATCH = YES;
				COPY_PHASE_STRIP = NO;
				DEBUG_INFORMATION_FORMAT = "dwarf-with-dsym";
				ENABLE_NS_ASSERTIONS = NO;
				ENABLE_STRICT_OBJC_MSGSEND = YES;
				GCC_C_LANGUAGE_STANDARD = gnu11;
				GCC_NO_COMMON_BLOCKS = YES;
				GCC_WARN_64_TO_32_BIT_CONVERSION = YES;
				GCC_WARN_ABOUT_RETURN_TYPE = YES_ERROR;
				GCC_WARN_UNDECLARED_SELECTOR = YES;
				GCC_WARN_UNINITIALIZED_AUTOS = YES_AGGRESSIVE;
				GCC_WARN_UNUSED_FUNCTION = YES;
				GCC_WARN_UNUSED_VARIABLE = YES;
				IPHONEOS_DEPLOYMENT_TARGET = 14.0;
				MTL_ENABLE_DEBUG_INFO = NO;
				MTL_FAST_MATH = YES;
				SDKROOT = iphoneos;
				SWIFT_COMPILATION_MODE = wholemodule;
				SWIFT_OPTIMIZATION_LEVEL = "-O";
				VALIDATE_PRODUCT = YES;
			};
			name = Release;
		};
		3F717D4327F9594600B27480 /* Debug */ = {
			isa = XCBuildConfiguration;
			buildSettings = {
				ASSETCATALOG_COMPILER_APPICON_NAME = AppIcon;
				ASSETCATALOG_COMPILER_GLOBAL_ACCENT_COLOR_NAME = AccentColor;
				CODE_SIGN_STYLE = Automatic;
				DEVELOPMENT_ASSET_PATHS = "\"Slider/Preview Content\"";
				DEVELOPMENT_TEAM = 6Q4YWJB5GL;
				ENABLE_PREVIEWS = YES;
				INFOPLIST_FILE = Slider/Info.plist;
				IPHONEOS_DEPLOYMENT_TARGET = 14.0;
				LD_RUNPATH_SEARCH_PATHS = (
					"$(inherited)",
					"@executable_path/Frameworks",
				);
				PRODUCT_BUNDLE_IDENTIFIER = io.github.mantaevvfl.Slider;
				PRODUCT_NAME = "$(TARGET_NAME)";
				SWIFT_VERSION = 5.0;
				TARGETED_DEVICE_FAMILY = "1,2";
			};
			name = Debug;
		};
		3F717D4427F9594600B27480 /* Release */ = {
			isa = XCBuildConfiguration;
			buildSettings = {
				ASSETCATALOG_COMPILER_APPICON_NAME = AppIcon;
				ASSETCATALOG_COMPILER_GLOBAL_ACCENT_COLOR_NAME = AccentColor;
				CODE_SIGN_STYLE = Automatic;
				DEVELOPMENT_ASSET_PATHS = "\"Slider/Preview Content\"";
				DEVELOPMENT_TEAM = 6Q4YWJB5GL;
				ENABLE_PREVIEWS = YES;
				INFOPLIST_FILE = Slider/Info.plist;
				IPHONEOS_DEPLOYMENT_TARGET = 14.0;
				LD_RUNPATH_SEARCH_PATHS = (
					"$(inherited)",
					"@executable_path/Frameworks",
				);
				PRODUCT_BUNDLE_IDENTIFIER = io.github.mantaevvfl.Slider;
				PRODUCT_NAME = "$(TARGET_NAME)";
				SWIFT_VERSION = 5.0;
				TARGETED_DEVICE_FAMILY = "1,2";
			};
			name = Release;
		};
/* End XCBuildConfiguration section */

/* Begin XCConfigurationList section */
		3F717D2E27F9593B00B27480 /* Build configuration list for PBXProject "Slider" */ = {
			isa = XCConfigurationList;
			buildConfigurations = (
				3F717D4027F9594600B27480 /* Debug */,
				3F717D4127F9594600B27480 /* Release */,
			);
			defaultConfigurationIsVisible = 0;
			defaultConfigurationName = Release;
		};
		3F717D4227F9594600B27480 /* Build configuration list for PBXNativeTarget "Slider" */ = {
			isa = XCConfigurationList;
			buildConfigurations = (
				3F717D4327F9594600B27480 /* Debug */,
				3F717D4427F9594600B27480 /* Release */,
			);
			defaultConfigurationIsVisible = 0;
			defaultConfigurationName = Release;
		};
/* End XCConfigurationList section */
	};
	rootObject = 3F717D2B27F9593B00B27480 /* Project object */;
}
